
Microsoft Visual Studio Solution File, Format Version 12.00
# Visual Studio 15
VisualStudioVersion = 15.0.28010.2026
MinimumVisualStudioVersion = 10.0.40219.1
Project("{E24C65DC-7377-472B-9ABA-BC803B73C61A}") = "form radio button", "form radio button\", "{595FC2D6-D2FA-4E12-A615-2CC0F11EDB3B}"
	ProjectSection(WebsiteProperties) = preProject
		TargetFrameworkMoniker = ".NETFramework,Version%3Dv4.6.1"
		Debug.AspNetCompiler.VirtualPath = "/localhost_63084"
		Debug.AspNetCompiler.PhysicalPath = "form radio button\"
		Debug.AspNetCompiler.TargetPath = "PrecompiledWeb\localhost_63084\"
		Debug.AspNetCompiler.Updateable = "true"
		Debug.AspNetCompiler.ForceOverwrite = "true"
		Debug.AspNetCompiler.FixedNames = "false"
		Debug.AspNetCompiler.Debug = "True"
		Release.AspNetCompiler.VirtualPath = "/localhost_63084"
		Release.AspNetCompiler.PhysicalPath = "form radio button\"
		Release.AspNetCompiler.TargetPath = "PrecompiledWeb\localhost_63084\"
		Release.AspNetCompiler.Updateable = "true"
		Release.AspNetCompiler.ForceOverwrite = "true"
		Release.AspNetCompiler.FixedNames = "false"
		Release.AspNetCompiler.Debug = "False"
		VWDPort = "63084"
		SlnRelativePath = "form radio button\"
		DefaultWebSiteLanguage = "Visual C#"
	EndProjectSection
EndProject
Global
	GlobalSection(SolutionConfigurationPlatforms) = preSolution
		Debug|Any CPU = Debug|Any CPU
	EndGlobalSection
	GlobalSection(ProjectConfigurationPlatforms) = postSolution
		{595FC2D6-D2FA-4E12-A615-2CC0F11EDB3B}.Debug|Any CPU.ActiveCfg = Debug|Any CPU
		{595FC2D6-D2FA-4E12-A615-2CC0F11EDB3B}.Debug|Any CPU.Build.0 = Debug|Any CPU
	EndGlobalSection
	GlobalSection(SolutionProperties) = preSolution
		HideSolutionNode = FALSE
	EndGlobalSection
	GlobalSection(ExtensibilityGlobals) = postSolution
		SolutionGuid = {F12EBA2A-32D8-48A7-91CF-D97A4EED59D3}
	EndGlobalSection
EndGlobal
