
Microsoft Visual Studio Solution File, Format Version 12.00
# Visual Studio 15
VisualStudioVersion = 15.0.28010.2026
MinimumVisualStudioVersion = 10.0.40219.1
Project("{E24C65DC-7377-472B-9ABA-BC803B73C61A}") = "Tutorial Web", "Tutorial Web\", "{47C4086B-AE39-463D-8EF8-F5A77DFB6A6E}"
	ProjectSection(WebsiteProperties) = preProject
		TargetFrameworkMoniker = ".NETFramework,Version%3Dv4.6.1"
		Debug.AspNetCompiler.VirtualPath = "/localhost_61959"
		Debug.AspNetCompiler.PhysicalPath = "Tutorial Web\"
		Debug.AspNetCompiler.TargetPath = "PrecompiledWeb\localhost_61959\"
		Debug.AspNetCompiler.Updateable = "true"
		Debug.AspNetCompiler.ForceOverwrite = "true"
		Debug.AspNetCompiler.FixedNames = "false"
		Debug.AspNetCompiler.Debug = "True"
		Release.AspNetCompiler.VirtualPath = "/localhost_61959"
		Release.AspNetCompiler.PhysicalPath = "Tutorial Web\"
		Release.AspNetCompiler.TargetPath = "PrecompiledWeb\localhost_61959\"
		Release.AspNetCompiler.Updateable = "true"
		Release.AspNetCompiler.ForceOverwrite = "true"
		Release.AspNetCompiler.FixedNames = "false"
		Release.AspNetCompiler.Debug = "False"
		VWDPort = "61959"
		SlnRelativePath = "Tutorial Web\"
		DefaultWebSiteLanguage = "Visual C#"
	EndProjectSection
EndProject
Global
	GlobalSection(SolutionConfigurationPlatforms) = preSolution
		Debug|Any CPU = Debug|Any CPU
	EndGlobalSection
	GlobalSection(ProjectConfigurationPlatforms) = postSolution
		{47C4086B-AE39-463D-8EF8-F5A77DFB6A6E}.Debug|Any CPU.ActiveCfg = Debug|Any CPU
		{47C4086B-AE39-463D-8EF8-F5A77DFB6A6E}.Debug|Any CPU.Build.0 = Debug|Any CPU
	EndGlobalSection
	GlobalSection(SolutionProperties) = preSolution
		HideSolutionNode = FALSE
	EndGlobalSection
	GlobalSection(ExtensibilityGlobals) = postSolution
		SolutionGuid = {53B74197-4BA9-4AAE-AE18-C4C4031744CD}
	EndGlobalSection
EndGlobal
